{
  "name": "root-lens",
  "lockfileVersion": 3,
  "requires": true,
  "packages": {
    "": {
      "dependencies": {
        "mp4box": "^2.3.0"
      }
    },
    "node_modules/mp4box": {
      "version": "2.3.0",
      "resolved": "https://registry.npmjs.org/mp4box/-/mp4box-2.3.0.tgz",
      "integrity": "sha512-nnABYbdh4UguEYyV+uRwQBi1tbb8kXka2Fx9yKzmDKAeh8gkvRKYxoK1XDd8GQIjSfN4rvsXrW1CBo4yRQJZDA==",
      "license": "BSD-3-Clause",
      "engines": {
        "node": ">=20.8.1"
      }
    }
  }
}
